github.com/Tnze/go-mc v1.20.2 h1:arHCE/WxLCxY73C/4ZNLdOymRYtdwoXE05ohB7HVN6Q=
github.com/Tnze/go-mc v1.20.2/go.mod h1:geoRj2HsXSkB3FJBuhr7wCzXegRlzWsVXd7h7jiJ6aQ=
github.com/goccy/go-yaml v1.19.2 h1:PmFC1S6h8ljIz6gMRBopkjP1TVT7xuwrButHID66PoM=
github.com/goccy/go-yaml v1.19.2/go.mod h1:XBurs7gK8ATbW4ZPGKgcbrY1Br56PdM69F7LkFRi1kA=
github.com/google/uuid v1.6.0 h1:NIvaJDMOsjHA8n1jAhLSgzrAzy1Hgr+hNrb57e+94F0=
github.com/google/uuid v1.6.0/go.mod h1:TIyPZe4MgqvfeYDBFedMoGGpEw/LqOeaOT+nhxU+yHo=
